
Microsoft Visual Studio Solution File, Format Version 12.00
# Visual Studio 2012
Project("{FAE04EC0-301F-11D3-BF4B-00C04F79EFBC}") = "Entity", "Entity\Entity.csproj", "{F8A63905-97D5-4270-89AC-B46DA1B85ED5}"
EndProject
Project("{FAE04EC0-301F-11D3-BF4B-00C04F79EFBC}") = "Service", "Service\Service.csproj", "{F3164AED-B7E4-4A74-AAA2-01700F828605}"
EndProject
Project("{F088123C-0E9E-452A-89E6-6BA2F21D5CAC}") = "Modeling", "Modeling\Modeling.modelproj", "{5A1E062F-17F8-43F7-86ED-A93C86B22B19}"
EndProject
Project("{FAE04EC0-301F-11D3-BF4B-00C04F79EFBC}") = "Mvc", "Mvc\Mvc.csproj", "{1F2DB9CB-E37C-4EFA-8803-95E8A6CAC0B6}"
EndProject
Project("{FAE04EC0-301F-11D3-BF4B-00C04F79EFBC}") = "Mvc.Tests", "Mvc.Tests\Mvc.Tests.csproj", "{8B848F88-0E81-4F1F-98B6-1BA14E621EAB}"
EndProject
Project("{FAE04EC0-301F-11D3-BF4B-00C04F79EFBC}") = "Service.Tests", "Service.Tests\Service.Tests.csproj", "{9B070827-2F6B-42C5-9146-B2E1A35EF3B2}"
EndProject
Project("{FAE04EC0-301F-11D3-BF4B-00C04F79EFBC}") = "Console", "Console\Console.csproj", "{3735AD17-BD48-4131-AB1E-B221010B76CD}"
EndProject
Project("{FAE04EC0-301F-11D3-BF4B-00C04F79EFBC}") = "Biz", "Biz\Biz.csproj", "{4351C5C9-4EE1-4360-91DC-8BEE97A554B2}"
EndProject
Project("{FAE04EC0-301F-11D3-BF4B-00C04F79EFBC}") = "Resx", "Resx\Resx.csproj", "{97763A38-1564-4B88-8857-142C244AA595}"
EndProject
Project("{FAE04EC0-301F-11D3-BF4B-00C04F79EFBC}") = "DbContextExtentions", "DbContextExtentions\DbContextExtentions.csproj", "{29F2804F-DE5C-441C-BDAA-57582FAD30F8}"
EndProject
Global
	GlobalSection(SolutionConfigurationPlatforms) = preSolution
		Debug|Any CPU = Debug|Any CPU
		Release|Any CPU = Release|Any CPU
	EndGlobalSection
	GlobalSection(ProjectConfigurationPlatforms) = postSolution
		{1F2DB9CB-E37C-4EFA-8803-95E8A6CAC0B6}.Debug|Any CPU.ActiveCfg = Debug|Any CPU
		{1F2DB9CB-E37C-4EFA-8803-95E8A6CAC0B6}.Debug|Any CPU.Build.0 = Debug|Any CPU
		{1F2DB9CB-E37C-4EFA-8803-95E8A6CAC0B6}.Release|Any CPU.ActiveCfg = Release|Any CPU
		{1F2DB9CB-E37C-4EFA-8803-95E8A6CAC0B6}.Release|Any CPU.Build.0 = Release|Any CPU
		{29F2804F-DE5C-441C-BDAA-57582FAD30F8}.Debug|Any CPU.ActiveCfg = Debug|Any CPU
		{29F2804F-DE5C-441C-BDAA-57582FAD30F8}.Debug|Any CPU.Build.0 = Debug|Any CPU
		{29F2804F-DE5C-441C-BDAA-57582FAD30F8}.Release|Any CPU.ActiveCfg = Release|Any CPU
		{29F2804F-DE5C-441C-BDAA-57582FAD30F8}.Release|Any CPU.Build.0 = Release|Any CPU
		{3735AD17-BD48-4131-AB1E-B221010B76CD}.Debug|Any CPU.ActiveCfg = Debug|Any CPU
		{3735AD17-BD48-4131-AB1E-B221010B76CD}.Debug|Any CPU.Build.0 = Debug|Any CPU
		{3735AD17-BD48-4131-AB1E-B221010B76CD}.Release|Any CPU.ActiveCfg = Release|Any CPU
		{3735AD17-BD48-4131-AB1E-B221010B76CD}.Release|Any CPU.Build.0 = Release|Any CPU
		{4351C5C9-4EE1-4360-91DC-8BEE97A554B2}.Debug|Any CPU.ActiveCfg = Debug|Any CPU
		{4351C5C9-4EE1-4360-91DC-8BEE97A554B2}.Debug|Any CPU.Build.0 = Debug|Any CPU
		{4351C5C9-4EE1-4360-91DC-8BEE97A554B2}.Release|Any CPU.ActiveCfg = Release|Any CPU
		{4351C5C9-4EE1-4360-91DC-8BEE97A554B2}.Release|Any CPU.Build.0 = Release|Any CPU
		{5A1E062F-17F8-43F7-86ED-A93C86B22B19}.Debug|Any CPU.ActiveCfg = Debug|Any CPU
		{5A1E062F-17F8-43F7-86ED-A93C86B22B19}.Debug|Any CPU.Build.0 = Debug|Any CPU
		{5A1E062F-17F8-43F7-86ED-A93C86B22B19}.Release|Any CPU.ActiveCfg = Release|Any CPU
		{5A1E062F-17F8-43F7-86ED-A93C86B22B19}.Release|Any CPU.Build.0 = Release|Any CPU
		{8B848F88-0E81-4F1F-98B6-1BA14E621EAB}.Debug|Any CPU.ActiveCfg = Debug|Any CPU
		{8B848F88-0E81-4F1F-98B6-1BA14E621EAB}.Debug|Any CPU.Build.0 = Debug|Any CPU
		{8B848F88-0E81-4F1F-98B6-1BA14E621EAB}.Release|Any CPU.ActiveCfg = Release|Any CPU
		{8B848F88-0E81-4F1F-98B6-1BA14E621EAB}.Release|Any CPU.Build.0 = Release|Any CPU
		{97763A38-1564-4B88-8857-142C244AA595}.Debug|Any CPU.ActiveCfg = Debug|Any CPU
		{97763A38-1564-4B88-8857-142C244AA595}.Debug|Any CPU.Build.0 = Debug|Any CPU
		{97763A38-1564-4B88-8857-142C244AA595}.Release|Any CPU.ActiveCfg = Release|Any CPU
		{97763A38-1564-4B88-8857-142C244AA595}.Release|Any CPU.Build.0 = Release|Any CPU
		{9B070827-2F6B-42C5-9146-B2E1A35EF3B2}.Debug|Any CPU.ActiveCfg = Debug|Any CPU
		{9B070827-2F6B-42C5-9146-B2E1A35EF3B2}.Debug|Any CPU.Build.0 = Debug|Any CPU
		{9B070827-2F6B-42C5-9146-B2E1A35EF3B2}.Release|Any CPU.ActiveCfg = Release|Any CPU
		{9B070827-2F6B-42C5-9146-B2E1A35EF3B2}.Release|Any CPU.Build.0 = Release|Any CPU
		{F3164AED-B7E4-4A74-AAA2-01700F828605}.Debug|Any CPU.ActiveCfg = Debug|Any CPU
		{F3164AED-B7E4-4A74-AAA2-01700F828605}.Debug|Any CPU.Build.0 = Debug|Any CPU
		{F3164AED-B7E4-4A74-AAA2-01700F828605}.Release|Any CPU.ActiveCfg = Release|Any CPU
		{F3164AED-B7E4-4A74-AAA2-01700F828605}.Release|Any CPU.Build.0 = Release|Any CPU
		{F8A63905-97D5-4270-89AC-B46DA1B85ED5}.Debug|Any CPU.ActiveCfg = Debug|Any CPU
		{F8A63905-97D5-4270-89AC-B46DA1B85ED5}.Debug|Any CPU.Build.0 = Debug|Any CPU
		{F8A63905-97D5-4270-89AC-B46DA1B85ED5}.Release|Any CPU.ActiveCfg = Release|Any CPU
		{F8A63905-97D5-4270-89AC-B46DA1B85ED5}.Release|Any CPU.Build.0 = Release|Any CPU
	EndGlobalSection
	GlobalSection(SolutionProperties) = preSolution
		HideSolutionNode = FALSE
	EndGlobalSection
EndGlobal
